
Microsoft Visual Studio Solution File, Format Version 12.00
# Visual Studio Version 17
VisualStudioVersion = 17.10.34928.147
MinimumVisualStudioVersion = 10.0.40219.1
Project("{9A19103F-16F7-4668-BE54-9A1E7A4F7556}") = "Todolist", "Todolist\Todolist.csproj", "{33A6F6A4-0A60-4536-89E8-54B728633F08}"
EndProject
Project("{FAE04EC0-301F-11D3-BF4B-00C04F79EFBC}") = "Assignment_Calculator", "Assignment_Calculator\Assignment_Calculator.csproj", "{62800EE4-FE6E-4730-BE85-3A8FC379AC03}"
EndProject
Global
	GlobalSection(SolutionConfigurationPlatforms) = preSolution
		Debug|Any CPU = Debug|Any CPU
		Release|Any CPU = Release|Any CPU
	EndGlobalSection
	GlobalSection(ProjectConfigurationPlatforms) = postSolution
		{33A6F6A4-0A60-4536-89E8-54B728633F08}.Debug|Any CPU.ActiveCfg = Debug|Any CPU
		{33A6F6A4-0A60-4536-89E8-54B728633F08}.Debug|Any CPU.Build.0 = Debug|Any CPU
		{33A6F6A4-0A60-4536-89E8-54B728633F08}.Release|Any CPU.ActiveCfg = Release|Any CPU
		{33A6F6A4-0A60-4536-89E8-54B728633F08}.Release|Any CPU.Build.0 = Release|Any CPU
		{62800EE4-FE6E-4730-BE85-3A8FC379AC03}.Debug|Any CPU.ActiveCfg = Debug|Any CPU
		{62800EE4-FE6E-4730-BE85-3A8FC379AC03}.Debug|Any CPU.Build.0 = Debug|Any CPU
		{62800EE4-FE6E-4730-BE85-3A8FC379AC03}.Release|Any CPU.ActiveCfg = Release|Any CPU
		{62800EE4-FE6E-4730-BE85-3A8FC379AC03}.Release|Any CPU.Build.0 = Release|Any CPU
	EndGlobalSection
	GlobalSection(SolutionProperties) = preSolution
		HideSolutionNode = FALSE
	EndGlobalSection
	GlobalSection(ExtensibilityGlobals) = postSolution
		SolutionGuid = {9F3E35FA-660F-43A2-8642-FEF747D35491}
	EndGlobalSection
EndGlobal
